
Microsoft Visual Studio Solution File, Format Version 12.00
# Visual Studio Version 17
VisualStudioVersion = 17.2.32516.85
MinimumVisualStudioVersion = 10.0.40219.1
Project("{FAE04EC0-301F-11D3-BF4B-00C04F79EFBC}") = "ClipboardCharInfo", "ClipboardCharInfo\ClipboardCharInfo.csproj", "{1EDCB1C4-0C50-4FD8-8C51-F0332342E2DD}"
EndProject
Global
	GlobalSection(SolutionConfigurationPlatforms) = preSolution
		Debug|Any CPU = Debug|Any CPU
		Release|Any CPU = Release|Any CPU
	EndGlobalSection
	GlobalSection(ProjectConfigurationPlatforms) = postSolution
		{1EDCB1C4-0C50-4FD8-8C51-F0332342E2DD}.Debug|Any CPU.ActiveCfg = Debug|Any CPU
		{1EDCB1C4-0C50-4FD8-8C51-F0332342E2DD}.Debug|Any CPU.Build.0 = Debug|Any CPU
		{1EDCB1C4-0C50-4FD8-8C51-F0332342E2DD}.Release|Any CPU.ActiveCfg = Release|Any CPU
		{1EDCB1C4-0C50-4FD8-8C51-F0332342E2DD}.Release|Any CPU.Build.0 = Release|Any CPU
	EndGlobalSection
	GlobalSection(SolutionProperties) = preSolution
		HideSolutionNode = FALSE
	EndGlobalSection
	GlobalSection(ExtensibilityGlobals) = postSolution
		SolutionGuid = {471B21ED-F1D1-4464-876D-F28C7E9729B6}
	EndGlobalSection
EndGlobal
